
Microsoft Visual Studio Solution File, Format Version 12.00
# Visual Studio Version 17
VisualStudioVersion = 17.2.32519.379
MinimumVisualStudioVersion = 10.0.40219.1
Project("{FAE04EC0-301F-11D3-BF4B-00C04F79EFBC}") = "FrühstückBeispiel", "FrühstückBeispiel.csproj", "{E6048827-FC51-4B91-A37D-88A40DD2E8EA}"
EndProject
Global
	GlobalSection(SolutionConfigurationPlatforms) = preSolution
		Debug|Any CPU = Debug|Any CPU
		Release|Any CPU = Release|Any CPU
	EndGlobalSection
	GlobalSection(ProjectConfigurationPlatforms) = postSolution
		{E6048827-FC51-4B91-A37D-88A40DD2E8EA}.Debug|Any CPU.ActiveCfg = Debug|Any CPU
		{E6048827-FC51-4B91-A37D-88A40DD2E8EA}.Debug|Any CPU.Build.0 = Debug|Any CPU
		{E6048827-FC51-4B91-A37D-88A40DD2E8EA}.Release|Any CPU.ActiveCfg = Release|Any CPU
		{E6048827-FC51-4B91-A37D-88A40DD2E8EA}.Release|Any CPU.Build.0 = Release|Any CPU
	EndGlobalSection
	GlobalSection(SolutionProperties) = preSolution
		HideSolutionNode = FALSE
	EndGlobalSection
	GlobalSection(ExtensibilityGlobals) = postSolution
		SolutionGuid = {F213F9E5-A14A-47DA-B754-97CCD948D99A}
	EndGlobalSection
EndGlobal
